Microsoft Visual Studio Solution File, Format Version 12.00
# Visual Studio Version 17
VisualStudioVersion = 17.5.2.0
MinimumVisualStudioVersion = 10.0.40219.1
Project("{FAE04EC0-301F-11D3-BF4B-00C04F79EFBC}") = "DeviceApi", "DeviceApi.csproj", "{231D40C7-0D29-BB0F-F9D3-F1099DD4EE0D}"
EndProject
Global
	GlobalSection(SolutionConfigurationPlatforms) = preSolution
		Debug|Any CPU = Debug|Any CPU
		Release|Any CPU = Release|Any CPU
	EndGlobalSection
	GlobalSection(ProjectConfigurationPlatforms) = postSolution
		{231D40C7-0D29-BB0F-F9D3-F1099DD4EE0D}.Debug|Any CPU.ActiveCfg = Debug|Any CPU
		{231D40C7-0D29-BB0F-F9D3-F1099DD4EE0D}.Debug|Any CPU.Build.0 = Debug|Any CPU
		{231D40C7-0D29-BB0F-F9D3-F1099DD4EE0D}.Release|Any CPU.ActiveCfg = Release|Any CPU
		{231D40C7-0D29-BB0F-F9D3-F1099DD4EE0D}.Release|Any CPU.Build.0 = Release|Any CPU
	EndGlobalSection
	GlobalSection(SolutionProperties) = preSolution
		HideSolutionNode = FALSE
	EndGlobalSection
	GlobalSection(ExtensibilityGlobals) = postSolution
		SolutionGuid = {5D0C7B09-DA7F-40B3-93D7-7A1DB5152658}
	EndGlobalSection
EndGlobal
